
Microsoft Visual Studio Solution File, Format Version 12.00
# Visual Studio 2013
VisualStudioVersion = 12.0.21005.1
MinimumVisualStudioVersion = 10.0.40219.1
Project("{FAE04EC0-301F-11D3-BF4B-00C04F79EFBC}") = "BaamStudios.SharpAngie", "BaamStudios.SharpAngie\BaamStudios.SharpAngie.csproj", "{01505308-33E1-47DC-BCF9-980E65878372}"
EndProject
Project("{FAE04EC0-301F-11D3-BF4B-00C04F79EFBC}") = "BaamStudios.SharpAngieDemo", "BaamStudios.SharpAngieDemo\BaamStudios.SharpAngieDemo.csproj", "{BC2F79C7-2337-42C3-93BA-34CDAFD8D9BE}"
EndProject
Global
	GlobalSection(SolutionConfigurationPlatforms) = preSolution
		Debug|Any CPU = Debug|Any CPU
		Release|Any CPU = Release|Any CPU
	EndGlobalSection
	GlobalSection(ProjectConfigurationPlatforms) = postSolution
		{01505308-33E1-47DC-BCF9-980E65878372}.Debug|Any CPU.ActiveCfg = Debug|Any CPU
		{01505308-33E1-47DC-BCF9-980E65878372}.Debug|Any CPU.Build.0 = Debug|Any CPU
		{01505308-33E1-47DC-BCF9-980E65878372}.Release|Any CPU.ActiveCfg = Release|Any CPU
		{01505308-33E1-47DC-BCF9-980E65878372}.Release|Any CPU.Build.0 = Release|Any CPU
		{BC2F79C7-2337-42C3-93BA-34CDAFD8D9BE}.Debug|Any CPU.ActiveCfg = Debug|Any CPU
		{BC2F79C7-2337-42C3-93BA-34CDAFD8D9BE}.Debug|Any CPU.Build.0 = Debug|Any CPU
		{BC2F79C7-2337-42C3-93BA-34CDAFD8D9BE}.Release|Any CPU.ActiveCfg = Release|Any CPU
		{BC2F79C7-2337-42C3-93BA-34CDAFD8D9BE}.Release|Any CPU.Build.0 = Release|Any CPU
	EndGlobalSection
	GlobalSection(SolutionProperties) = preSolution
		HideSolutionNode = FALSE
	EndGlobalSection
EndGlobal
